{
    "_meta": {
        "hash": {
            "sha256": "e57d917b8d11103a9e69a90b4ed996f4e97d7291c92edd14ba33b4bdba34f562"
        },
        "pipfile-spec": 6,
        "requires": {},
        "sources": [
            {
                "name": "pypi",
                "url": "https://pypi.org/simple",
                "verify_ssl": true
            }
        ]
    },
    "default": {
        "apipkg": {
            "hashes": [
                "sha256:a16984c39de280701f3f6406ed3af658f2a1965011fe7bb5be34fbb48423b411",
                "sha256:c7aa61a4f82697fdaa667e70af1505acf1f7428b1c27b891d204ba7a8a3c5e0d"
            ],
            "index": "pypi",
            "markers": "python_version >= '3.7'",
            "version": "==3.0.2"
        },
        "appium-python-client": {
            "hashes": [
                "sha256:1c8ccdc1b6e5c88e9835f4d81d338cae574e74114a85d5ffaa049d9b0fb4c32a",
                "sha256:eafeee9ff1ad8ac3052d2f706dca5cb52ebf51b5335f1f7102c71a663ee18c13"
            ],
            "index": "pypi",
            "markers": "python_version >= '3.9'",
            "version": "==5.2.4"
        },
        "attrs": {
            "hashes": [
                "sha256:427318ce031701fea540783410126f03899a97ffc6f61596ad581ac2e40e3bc3",
                "sha256:75d7cefc7fb576747b2c81b4442d4d4a1ce0900973527c011d1030fd3bf4af1b"
            ],
            "index": "pypi",
            "markers": "python_version >= '3.8'",
            "version": "==25.3.0"
        },
        "certifi": {
            "hashes": [
                "sha256:0f212c2744a9bb6de0c56639a6f68afe01ecd92d91f14ae897c4fe7bbeeef0de",
                "sha256:47c09d31ccf2acf0be3f701ea53595ee7e0b8fa08801c6624be771df09ae7b43"
            ],
            "index": "pypi",
            "markers": "python_version >= '3.7'",
            "version": "==2025.10.5"
        },
        "chardet": {
            "hashes": [
                "sha256:1b3b6ff479a8c414bc3fa2c0852995695c4a026dcd6d0633b2dd092ca39c1cf7",
                "sha256:e1cf59446890a00105fe7b7912492ea04b6e6f06d4b742b2c788469e34c82970"
            ],
            "index": "pypi",
            "markers": "python_version >= '3.7'",
            "version": "==5.2.0"
        },
        "charset-normalizer": {
            "hashes": [
                "sha256:027f6de494925c0ab2a55eab46ae5129951638a49a34d87f4c3eda90f696b4ad",
                "sha256:077fbb858e903c73f6c9db43374fd213b0b6a778106bc7032446a8e8b5b38b93",
                "sha256:0a98e6759f854bd25a58a73fa88833fba3b7c491169f86ce1180c948ab3fd394",
                "sha256:0d3d8f15c07f86e9ff82319b3d9ef6f4bf907608f53fe9d92b28ea9ae3d1fd89",
                "sha256:0f04b14ffe5fdc8c4933862d8306109a2c51e0704acfa35d51598eb45a1e89fc",
                "sha256:11d694519d7f29d6cd09f6ac70028dba10f92f6cdd059096db198c283794ac86",
                "sha256:194f08cbb32dc406d6e1aea671a68be0823673db2832b38405deba2fb0d88f63",
                "sha256:1bee1e43c28aa63cb16e5c14e582580546b08e535299b8b6158a7c9c768a1f3d",
                "sha256:21d142cc6c0ec30d2efee5068ca36c128a30b0f2c53c1c07bd78cb6bc1d3be5f",
                "sha256:2437418e20515acec67d86e12bf70056a33abdacb5cb1655042f6538d6b085a8",
                "sha256:244bfb999c71b35de57821b8ea746b24e863398194a4014e4c76adc2bbdfeff0",
                "sha256:2677acec1a2f8ef614c6888b5b4ae4060cc184174a938ed4e8ef690e15d3e505",
                "sha256:277e970e750505ed74c832b4bf75dac7476262ee2a013f5574dd49075879e161",
                "sha256:2aaba3b0819274cc41757a1da876f810a3e4d7b6eb25699253a4effef9e8e4af",
                "sha256:2b7d8f6c26245217bd2ad053761201e9f9680f8ce52f0fcd8d0755aeae5b2152",
                "sha256:2c9d3c380143a1fedbff95a312aa798578371eb29da42106a29019368a475318",
                "sha256:3162d5d8ce1bb98dd51af660f2121c55d0fa541b46dff7bb9b9f86ea1d87de72",
                "sha256:31fd66405eaf47bb62e8cd575dc621c56c668f27d46a61d975a249930dd5e2a4",
                "sha256:362d61fd13843997c1c446760ef36f240cf81d3ebf74ac62652aebaf7838561e",
                "sha256:376bec83a63b8021bb5c8ea75e21c4ccb86e7e45ca4eb81146091b56599b80c3",
                "sha256:44c2a8734b333e0578090c4cd6b16f275e07aa6614ca8715e6c038e865e70576",
                "sha256:47cc91b2f4dd2833fddaedd2893006b0106129d4b94fdb6af1f4ce5a9965577c",
                "sha256:4902828217069c3c5c71094537a8e623f5d097858ac6ca8252f7b4d10b7560f1",
                "sha256:4bd5d4137d500351a30687c2d3971758aac9a19208fc110ccb9d7188fbe709e8",
                "sha256:4fe7859a4e3e8457458e2ff592f15ccb02f3da787fcd31e0183879c3ad4692a1",
                "sha256:542d2cee80be6f80247095cc36c418f7bddd14f4a6de45af91dfad36d817bba2",
                "sha256:554af85e960429cf30784dd47447d5125aaa3b99a6f0683589dbd27e2f45da44",
                "sha256:5833d2c39d8896e4e19b689ffc198f08ea58116bee26dea51e362ecc7cd3ed26",
                "sha256:5947809c8a2417be3267efc979c47d76a079758166f7d43ef5ae8e9f92751f88",
                "sha256:5ae497466c7901d54b639cf42d5b8c1b6a4fead55215500d2f486d34db48d016",
                "sha256:5bd2293095d766545ec1a8f612559f6b40abc0eb18bb2f5d1171872d34036ede",
                "sha256:5bfbb1b9acf3334612667b61bd3002196fe2a1eb4dd74d247e0f2a4d50ec9bbf",
                "sha256:5cb4d72eea50c8868f5288b7f7f33ed276118325c1dfd3957089f6b519e1382a",
                "sha256:5dbe56a36425d26d6cfb40ce79c314a2e4dd6211d51d6d2191c00bed34f354cc",
                "sha256:5f819d5fe9234f9f82d75bdfa9aef3a3d72c4d24a6e57aeaebba32a704553aa0",
                "sha256:64b55f9dce520635f018f907ff1b0df1fdc31f2795a922fb49dd14fbcdf48c84",
                "sha256:6515f3182dbe4ea06ced2d9e8666d97b46ef4c75e326b79bb624110f122551db",
                "sha256:65e2befcd84bc6f37095f5961e68a6f077bf44946771354a28ad434c2cce0ae1",
                "sha256:6aee717dcfead04c6eb1ce3bd29ac1e22663cdea57f943c87d1eab9a025438d7",
                "sha256:6b39f987ae8ccdf0d2642338faf2abb1862340facc796048b604ef14919e55ed",
                "sha256:6e1fcf0720908f200cd21aa4e6750a48ff6ce4afe7ff5a79a90d5ed8a08296f8",
                "sha256:74018750915ee7ad843a774364e13a3db91682f26142baddf775342c3f5b1133",
                "sha256:74664978bb272435107de04e36db5a9735e78232b85b77d45cfb38f758efd33e",
                "sha256:74bb723680f9f7a6234dcf67aea57e708ec1fbdf5699fb91dfd6f511b0a320ef",
                "sha256:752944c7ffbfdd10c074dc58ec2d5a8a4cd9493b314d367c14d24c17684ddd14",
                "sha256:778d2e08eda00f4256d7f672ca9fef386071c9202f5e4607920b86d7803387f2",
                "sha256:780236ac706e66881f3b7f2f32dfe90507a09e67d1d454c762cf642e6e1586e0",
                "sha256:798d75d81754988d2565bff1b97ba5a44411867c0cf32b77a7e8f8d84796b10d",
                "sha256:799a7a5e4fb2d5898c60b640fd4981d6a25f1c11790935a44ce38c54e985f828",
                "sha256:7a32c560861a02ff789ad905a2fe94e3f840803362c84fecf1851cb4cf3dc37f",
                "sha256:7c308f7e26e4363d79df40ca5b2be1c6ba9f02bdbccfed5abddb7859a6ce72cf",
                "sha256:7fa17817dc5625de8a027cb8b26d9fefa3ea28c8253929b8d6649e705d2835b6",
                "sha256:81d5eb2a312700f4ecaa977a8235b634ce853200e828fbadf3a9c50bab278328",
                "sha256:82004af6c302b5d3ab2cfc4cc5f29db16123b1a8417f2e25f9066f91d4411090",
                "sha256:837c2ce8c5a65a2035be9b3569c684358dfbf109fd3b6969630a87535495ceaa",
                "sha256:840c25fb618a231545cbab0564a799f101b63b9901f2569faecd6b222ac72381",
                "sha256:8a6562c3700cce886c5be75ade4a5db4214fda19fede41d9792d100288d8f94c",
                "sha256:8af65f14dc14a79b924524b1e7fffe304517b2bff5a58bf64f30b98bbc5079eb",
                "sha256:8ef3c867360f88ac904fd3f5e1f902f13307af9052646963ee08ff4f131adafc",
                "sha256:94537985111c35f28720e43603b8e7b43a6ecfb2ce1d3058bbe955b73404e21a",
                "sha256:99ae2cffebb06e6c22bdc25801d7b30f503cc87dbd283479e7b606f70aff57ec",
                "sha256:9a26f18905b8dd5d685d6d07b0cdf98a79f3c7a918906af7cc143ea2e164c8bc",
                "sha256:9b35f4c90079ff2e2edc5b26c0c77925e5d2d255c42c74fdb70fb49b172726ac",
                "sha256:9cd98cdc06614a2f768d2b7286d66805f94c48cde050acdbbb7db2600ab3197e",
                "sha256:9d1bb833febdff5c8927f922386db610b49db6e0d4f4ee29601d71e7c2694313",
                "sha256:9f7fcd74d410a36883701fafa2482a6af2ff5ba96b9a620e9e0721e28ead5569",
                "sha256:a59cb51917aa591b1c4e6a43c132f0cdc3c76dbad6155df4e28ee626cc77a0a3",
                "sha256:a61900df84c667873b292c3de315a786dd8dac506704dea57bc957bd31e22c7d",
                "sha256:a79cfe37875f822425b89a82333404539ae63dbdddf97f84dcbc3d339aae9525",
                "sha256:a8a8b89589086a25749f471e6a900d3f662d1d3b6e2e59dcecf787b1cc3a1894",
                "sha256:a8bf8d0f749c5757af2142fe7903a9df1d2e8aa3841559b2bad34b08d0e2bcf3",
                "sha256:a9768c477b9d7bd54bc0c86dbaebdec6f03306675526c9927c0e8a04e8f94af9",
                "sha256:ac1c4a689edcc530fc9d9aa11f5774b9e2f33f9a0c6a57864e90908f5208d30a",
                "sha256:af2d8c67d8e573d6de5bc30cdb27e9b95e49115cd9baad5ddbd1a6207aaa82a9",
                "sha256:b435cba5f4f750aa6c0a0d92c541fb79f69a387c91e61f1795227e4ed9cece14",
                "sha256:b5b290ccc2a263e8d185130284f8501e3e36c5e02750fc6b6bdeb2e9e96f1e25",
                "sha256:b5d84d37db046c5ca74ee7bb47dd6cbc13f80665fdde3e8040bdd3fb015ecb50",
                "sha256:b7cf1017d601aa35e6bb650b6ad28652c9cd78ee6caff19f3c28d03e1c80acbf",
                "sha256:bc7637e2f80d8530ee4a78e878bce464f70087ce73cf7c1caf142416923b98f1",
                "sha256:c0463276121fdee9c49b98908b3a89c39be45d86d1dbaa22957e38f6321d4ce3",
                "sha256:c4ef880e27901b6cc782f1b95f82da9313c0eb95c3af699103088fa0ac3ce9ac",
                "sha256:c8ae8a0f02f57a6e61203a31428fa1d677cbe50c93622b4149d5c0f319c1d19e",
                "sha256:ca5862d5b3928c4940729dacc329aa9102900382fea192fc5e52eb69d6093815",
                "sha256:cb01158d8b88ee68f15949894ccc6712278243d95f344770fa7593fa2d94410c",
                "sha256:cb6254dc36b47a990e59e1068afacdcd02958bdcce30bb50cc1700a8b9d624a6",
                "sha256:cc00f04ed596e9dc0da42ed17ac5e596c6ccba999ba6bd92b0e0aef2f170f2d6",
                "sha256:cd09d08005f958f370f539f186d10aec3377d55b9eeb0d796025d4886119d76e",
                "sha256:cd4b7ca9984e5e7985c12bc60a6f173f3c958eae74f3ef6624bb6b26e2abbae4",
                "sha256:ce8a0633f41a967713a59c4139d29110c07e826d131a316b50ce11b1d79b4f84",
                "sha256:cead0978fc57397645f12578bfd2d5ea9138ea0fac82b2f63f7f7c6877986a69",
                "sha256:d055ec1e26e441f6187acf818b73564e6e6282709e9bcb5b63f5b23068356a15",
                "sha256:d1f13550535ad8cff21b8d757a3257963e951d96e20ec82ab44bc64aeb62a191",
                "sha256:d9c7f57c3d666a53421049053eaacdd14bbd0a528e2186fcb2e672effd053bb0",
                "sha256:d9e45d7faa48ee908174d8fe84854479ef838fc6a705c9315372eacbc2f02897",
                "sha256:da3326d9e65ef63a817ecbcc0df6e94463713b754fe293eaa03da99befb9a5bd",
                "sha256:de00632ca48df9daf77a2c65a484531649261ec9f25489917f09e455cb09ddb2",
                "sha256:e1f185f86a6f3403aa2420e815904c67b2f9ebc443f045edd0de921108345794",
                "sha256:e824f1492727fa856dd6eda4f7cee25f8518a12f3c4a56a74e8095695089cf6d",
                "sha256:e912091979546adf63357d7e2ccff9b44f026c075aeaf25a52d0e95ad2281074",
                "sha256:eaabd426fe94daf8fd157c32e571c85cb12e66692f15516a83a03264b08d06c3",
                "sha256:ebf3e58c7ec8a8bed6d66a75d7fb37b55e5015b03ceae72a8e7c74495551e224",
                "sha256:ecaae4149d99b1c9e7b88bb03e3221956f68fd6d50be2ef061b2381b61d20838",
                "sha256:eecbc200c7fd5ddb9a7f16c7decb07b566c29fa2161a16cf67b8d068bd21690a",
                "sha256:f155a433c2ec037d4e8df17d18922c3a0d9b3232a396690f17175d2946f0218d",
                "sha256:f1e34719c6ed0b92f418c7c780480b26b5d9c50349e9a9af7d76bf757530350d",
                "sha256:f34be2938726fc13801220747472850852fe6b1ea75869a048d6f896838c896f",
                "sha256:f820802628d2694cb7e56db99213f930856014862f3fd943d290ea8438d07ca8",
                "sha256:f8bf04158c6b607d747e93949aa60618b61312fe647a6369f88ce2ff16043490",
                "sha256:f8e160feb2aed042cd657a72acc0b481212ed28b1b9a95c0cee1621b524e1966",
                "sha256:f9d332f8c2a2fcbffe1378594431458ddbef721c1769d78e2cbc06280d8155f9",
                "sha256:fa09f53c465e532f4d3db095e0c55b615f010ad81803d383195b6b5ca6cbf5f3",
                "sha256:faa3a41b2b66b6e50f84ae4a68c64fcd0c44355741c6374813a800cd6695db9e",
                "sha256:fd44c878ea55ba351104cb93cc85e74916eb8fa440ca7903e57575e97394f608"
            ],
            "markers": "python_version >= '3.7'",
            "version": "==3.4.4"
        },
        "click": {
            "hashes": [
                "sha256:9b9f285302c6e3064f4330c05f05b81945b2a39544279343e6e7c5f27a9baddc",
                "sha256:e7b8232224eba16f4ebe410c25ced9f7875cb5f3263ffc93cc3e8da705e229c4"
            ],
            "markers": "python_version >= '3.10'",
            "version": "==8.3.0"
        },
        "decorator": {
            "hashes": [
                "sha256:65f266143752f734b0a7cc83c46f4618af75b8c5911b00ccb61d0ac9b6da0360",
                "sha256:d316bb415a2d9e2d2b3abcc4084c6502fc09240e292cd76a76afc106a1c8e04a"
            ],
            "index": "pypi",
            "markers": "python_version >= '3.8'",
            "version": "==5.2.1"
        },
        "docutils": {
            "hashes": [
                "sha256:9fdb771707c8784c8f2728b67cb2c691305933d68137ef95a75db5f4dfbc213d",
                "sha256:b0e98d679283fc3bb0ead8a5da7f501baa632654e7056e9c5846842213d674d8"
            ],
            "index": "pypi",
            "markers": "python_version >= '3.9'",
            "version": "==0.22.2"
        },
        "execnet": {
            "hashes": [
                "sha256:26dee51f1b80cebd6d0ca8e74dd8745419761d3bef34163928cbebbdc4749fdc",
                "sha256:5189b52c6121c24feae288166ab41b32549c7e2348652736540b9e6e7d4e72e3"
            ],
            "index": "pypi",
            "markers": "python_version >= '3.8'",
            "version": "==2.1.1"
        },
        "greenlet": {
            "hashes": [
                "sha256:00fadb3fedccc447f517ee0d3fd8fe49eae949e1cd0f6a611818f4f6fb7dc83b",
                "sha256:061dc4cf2c34852b052a8620d40f36324554bc192be474b9e9770e8c042fd735",
                "sha256:0db5594dce18db94f7d1650d7489909b57afde4c580806b8d9203b6e79cdc079",
                "sha256:0dca0d95ff849f9a364385f36ab49f50065d76964944638be9691e1832e9f86d",
                "sha256:16458c245a38991aa19676900d48bd1a6f2ce3e16595051a4db9d012154e8433",
                "sha256:18d9260df2b5fbf41ae5139e1be4e796d99655f023a636cd0e11e6406cca7d58",
                "sha256:1987de92fec508535687fb807a5cea1560f6196285a4cde35c100b8cd632cc52",
                "sha256:1a921e542453fe531144e91e1feedf12e07351b1cf6c9e8a3325ea600a715a31",
                "sha256:1ee8fae0519a337f2329cb78bd7a8e128ec0f881073d43f023c7b8d4831d5246",
                "sha256:20fb936b4652b6e307b8f347665e2c615540d4b42b3b4c8a321d8286da7e520f",
                "sha256:23768528f2911bcd7e475210822ffb5254ed10d71f4028387e5a99b4c6699671",
                "sha256:2523e5246274f54fdadbce8494458a2ebdcdbc7b802318466ac5606d3cded1f8",
                "sha256:27890167f55d2387576d1f41d9487ef171849ea0359ce1510ca6e06c8bece11d",
                "sha256:299fd615cd8fc86267b47597123e3f43ad79c9d8a22bebdce535e53550763e2f",
                "sha256:3b3812d8d0c9579967815af437d96623f45c0f2ae5f04e366de62a12d83a8fb0",
                "sha256:3b67ca49f54cede0186854a008109d6ee71f66bd57bb36abd6d0a0267b540cdd",
                "sha256:44358b9bf66c8576a9f57a590d5f5d6e72fa4228b763d0e43fee6d3b06d3a337",
                "sha256:49a30d5fda2507ae77be16479bdb62a660fa51b1eb4928b524975b3bde77b3c0",
                "sha256:4d1378601b85e2e5171b99be8d2dc85f594c79967599328f95c1dc1a40f1c633",
                "sha256:554b03b6e73aaabec3745364d6239e9e012d64c68ccd0b8430c64ccc14939a8b",
                "sha256:55e9c5affaa6775e2c6b67659f3a71684de4c549b3dd9afca3bc773533d284fa",
                "sha256:58b97143c9cc7b86fc458f215bd0932f1757ce649e05b640fea2e79b54cedb31",
                "sha256:5c9320971821a7cb77cfab8d956fa8e39cd07ca44b6070db358ceb7f8797c8c9",
                "sha256:65458b409c1ed459ea899e939f0e1cdb14f58dbc803f2f93c5eab5694d32671b",
                "sha256:671df96c1f23c4a0d4077a325483c1503c96a1b7d9db26592ae770daa41233d4",
                "sha256:710638eb93b1fa52823aa91bf75326f9ecdfd5e0466f00789246a5280f4ba0fc",
                "sha256:73f49b5368b5359d04e18d15828eecc1806033db5233397748f4ca813ff1056c",
                "sha256:81701fd84f26330f0d5f4944d4e92e61afe6319dcd9775e39396e39d7c3e5f98",
                "sha256:8854167e06950ca75b898b104b63cc646573aa5fef1353d4508ecdd1ee76254f",
                "sha256:8c68325b0d0acf8d91dde4e6f930967dd52a5302cd4062932a6b2e7c2969f47c",
                "sha256:94385f101946790ae13da500603491f04a76b6e4c059dab271b3ce2e283b2590",
                "sha256:94abf90142c2a18151632371140b3dba4dee031633fe614cb592dbb6c9e17bc3",
                "sha256:96378df1de302bc38e99c3a9aa311967b7dc80ced1dcc6f171e99842987882a2",
                "sha256:9c40adce87eaa9ddb593ccb0fa6a07caf34015a29bf8d344811665b573138db9",
                "sha256:9fe0a28a7b952a21e2c062cd5756d34354117796c6d9215a87f55e38d15402c5",
                "sha256:a7d4e128405eea3814a12cc2605e0e6aedb4035bf32697f72deca74de4105e02",
                "sha256:abbf57b5a870d30c4675928c37278493044d7c14378350b3aa5d484fa65575f0",
                "sha256:b4a1870c51720687af7fa3e7cda6d08d801dae660f75a76f3845b642b4da6ee1",
                "sha256:b6a7c19cf0d2742d0809a4c05975db036fdff50cd294a93632d6a310bf9ac02c",
                "sha256:b90654e092f928f110e0007f572007c9727b5265f7632c2fa7415b4689351594",
                "sha256:c17b6b34111ea72fc5a4e4beec9711d2226285f0386ea83477cbb97c30a3f3a5",
                "sha256:c2ca18a03a8cfb5b25bc1cbe20f3d9a4c80d8c3b13ba3df49ac3961af0b1018d",
                "sha256:c5111ccdc9c88f423426df3fd1811bfc40ed66264d35aa373420a34377efc98a",
                "sha256:c60a6d84229b271d44b70fb6e5fa23781abb5d742af7b808ae3f6efd7c9c60f6",
                "sha256:c8c9e331e58180d0d83c5b7999255721b725913ff6bc6cf39fa2a45841a4fd4b",
                "sha256:c9913f1a30e4526f432991f89ae263459b1c64d1608c0d22a5c79c287b3c70df",
                "sha256:cd3c8e693bff0fff6ba55f140bf390fa92c994083f838fece0f63be121334945",
                "sha256:d25c5091190f2dc0eaa3f950252122edbbadbb682aa7b1ef2f8af0f8c0afefae",
                "sha256:d2e685ade4dafd447ede19c31277a224a239a0a1a4eca4e6390efedf20260cfb",
                "sha256:d76383238584e9711e20ebe14db6c88ddcedc1829a9ad31a584389463b5aa504",
                "sha256:ddf9164e7a5b08e9d22511526865780a576f19ddd00d62f8a665949327fde8bb",
                "sha256:e37ab26028f12dbb0ff65f29a8d3d44a765c61e729647bf2ddfbbed621726f01",
                "sha256:f10fd42b5ee276335863712fa3da6608e93f70629c631bf77145021600abc23c",
                "sha256:f28588772bb5fb869a8eb331374ec06f24a83a9c25bfa1f38b6993afe9c1e968"
            ],
            "markers": "python_version >= '3.9'",
            "version": "==3.2.4"
        },
        "h11": {
            "hashes": [
                "sha256:4e35b956cf45792e4caa5885e69fba00bdbc6ffafbfa020300e549b208ee5ff1",
                "sha256:63cf8bbe7522de3bf65932fda1d9c2772064ffb3dae62d55932da54b31cb6c86"
            ],
            "markers": "python_version >= '3.8'",
            "version": "==0.16.0"
        },
        "idna": {
            "hashes": [
                "sha256:12f65c9b470abda6dc35cf8e63cc574b1c52b11df2c86030af0ac09b01b13ea9",
                "sha256:946d195a0d259cbba61165e88e65941f16e9b36ea6ddb97f00452bae8b1287d3"
            ],
            "index": "pypi",
            "markers": "python_version >= '3.6'",
            "version": "==3.10"
        },
        "importlib-metadata": {
            "hashes": [
                "sha256:d13b81ad223b890aa16c5471f2ac3056cf76c5f10f82d6f9292f0b415f389000",
                "sha256:e5dd1551894c77868a30651cef00984d50e1002d06942a7101d34870c5f02afd"
            ],
            "index": "pypi",
            "markers": "python_version >= '3.9'",
            "version": "==8.7.0"
        },
        "iniconfig": {
            "hashes": [
                "sha256:3abbd2e30b36733fee78f9c7f7308f2d0050e88f0087fd25c2645f63c773e1c7",
                "sha256:9deba5723312380e77435581c6bf4935c94cbfab9b1ed33ef8d238ea168eb760"
            ],
            "index": "pypi",
            "markers": "python_version >= '3.8'",
            "version": "==2.1.0"
        },
        "kitchen": {
            "hashes": [
                "sha256:b84cf582f1bd1556b60ebc7370b9d331eb9247b6b070ce89dfe959cba2c0b03c"
            ],
            "index": "pypi",
            "version": "==1.2.6"
        },
        "more-itertools": {
            "hashes": [
                "sha256:9fddd5403be01a94b204faadcff459ec3568cf110265d3c54323e1e866ad29d3",
                "sha256:d43980384673cb07d2f7d2d918c616b30c659c089ee23953f601d6609c67510e"
            ],
            "index": "pypi",
            "markers": "python_version >= '3.9'",
            "version": "==10.7.0"
        },
        "natsort": {
            "hashes": [
                "sha256:45312c4a0e5507593da193dedd04abb1469253b601ecaf63445ad80f0a1ea581",
                "sha256:4732914fb471f56b5cce04d7bae6f164a592c7712e1c85f9ef585e197299521c"
            ],
            "markers": "python_version >= '3.7'",
            "version": "==8.4.0"
        },
        "outcome": {
            "hashes": [
                "sha256:9dcf02e65f2971b80047b377468e72a268e15c0af3cf1238e6ff14f7f91143b8",
                "sha256:e771c5ce06d1415e356078d3bdd68523f284b4ce5419828922b6871e65eda82b"
            ],
            "markers": "python_version >= '3.7'",
            "version": "==1.3.0.post0"
        },
        "packaging": {
            "hashes": [
                "sha256:29572ef2b1f17581046b3a2227d5c611fb25ec70ca1ba8554b24b0e69331a484",
                "sha256:d443872c98d677bf60f6a1f2f8c1cb748e8fe762d2bf9d3148b5599295b0fc4f"
            ],
            "index": "pypi",
            "markers": "python_version >= '3.8'",
            "version": "==25.0"
        },
        "playwright": {
            "hashes": [
                "sha256:012dc89ccdcbd774cdde8aeee14c08e0dd52ddb9135bf10e9db040527386bd76",
                "sha256:25b0d6b3fd991c315cca33c802cf617d52980108ab8431e3e1d37b5de755c10e",
                "sha256:29a0777c4ce1273acf90c87e4ae2fe0130182100d99bcd2ae5bf486093044838",
                "sha256:29e6d1558ad9d5b5c19cbec0a72f6a2e35e6353cd9f262e22148685b86759f90",
                "sha256:7eb5956473ca1951abb51537e6a0da55257bb2e25fc37c2b75af094a5c93736c",
                "sha256:8290cf27a5d542e2682ac274da423941f879d07b001f6575a5a3a257b1d4ba1c",
                "sha256:c6d4d8f6f8c66c483b0835569c7f0caa03230820af8e500c181c93509c92d831",
                "sha256:d7da108a95001e412effca4f7610de79da1637ccdf670b1ae3fdc08b9694c034"
            ],
            "markers": "python_version >= '3.9'",
            "version": "==1.55.0"
        },
        "pluggy": {
            "hashes": [
                "sha256:7dcc130b76258d33b90f61b658791dede3486c3e6bfb003ee5c9bfb396dd22f3",
                "sha256:e920276dd6813095e9377c0bc5566d94c932c33b27a3e3945d8389c374dd4746"
            ],
            "index": "pypi",
            "markers": "python_version >= '3.9'",
            "version": "==1.6.0"
        },
        "py": {
            "hashes": [
                "sha256:51c75c4126074b472f746a24399ad32f6053d1b34b68d2fa41e558e6f4a98719",
                "sha256:607c53218732647dff4acdfcd50cb62615cedf612e72d1724fb1a0cc6405b378"
            ],
            "index": "pypi",
            "markers": "python_version >= '2.7' and python_version not in '3.0, 3.1, 3.2, 3.3, 3.4'",
            "version": "==1.11.0"
        },
        "pyee": {
            "hashes": [
                "sha256:48195a3cddb3b1515ce0695ed76036b5ccc2ef3a9f963ff9f77aec0139845498",
                "sha256:b391e3c5a434d1f5118a25615001dbc8f669cf410ab67d04c4d4e07c55481c37"
            ],
            "markers": "python_version >= '3.8'",
            "version": "==13.0.0"
        },
        "pygments": {
            "hashes": [
                "sha256:636cb2477cec7f8952536970bc533bc43743542f70392ae026374600add5b887",
                "sha256:86540386c03d588bb81d44bc3928634ff26449851e99741617ecb9037ee5ec0b"
            ],
            "markers": "python_version >= '3.8'",
            "version": "==2.19.2"
        },
        "pyparsing": {
            "hashes": [
                "sha256:a749938e02d6fd0b59b356ca504a24982314bb090c383e3cf201c95ef7e2bfcf",
                "sha256:b9c13f1ab8b3b542f72e28f634bad4de758ab3ce4546e4301970ad6fa77c38be"
            ],
            "index": "pypi",
            "markers": "python_version >= '3.9'",
            "version": "==3.2.3"
        },
        "pysocks": {
            "hashes": [
                "sha256:08e69f092cc6dbe92a0fdd16eeb9b9ffbc13cadfe5ca4c7bd92ffb078b293299",
                "sha256:2725bd0a9925919b9b51739eea5f9e2bae91e83288108a9ad338b2e3a4435ee5",
                "sha256:3f8804571ebe159c380ac6de37643bb4685970655d3bba243530d6558b799aa0"
            ],
            "markers": "python_version >= '2.7' and python_version not in '3.0, 3.1, 3.2, 3.3'",
            "version": "==1.7.1"
        },
        "pytest": {
            "hashes": [
                "sha256:86c0d0b93306b961d58d62a4db4879f27fe25513d4b969df351abdddb3c30e01",
                "sha256:872f880de3fc3a5bdc88a11b39c9710c3497a547cfa9320bc3c5e62fbf272e79"
            ],
            "index": "pypi",
            "markers": "python_version >= '3.9'",
            "version": "==8.4.2"
        },
        "pytest-base-url": {
            "hashes": [
                "sha256:02748589a54f9e63fcbe62301d6b0496da0d10231b753e950c63e03aee745d45",
                "sha256:3ad15611778764d451927b2a53240c1a7a591b521ea44cebfe45849d2d2812e6"
            ],
            "markers": "python_version >= '3.8'",
            "version": "==2.1.0"
        },
        "pytest-playwright": {
            "hashes": [
                "sha256:2516d0871fa606634bfe32afbcc0342d68da2dbff97fe3459849e9c428486da2",
                "sha256:b3f2ea514bbead96d26376fac182f68dcd6571e7cb41680a89ff1673c05d60b6"
            ],
            "index": "pypi",
            "markers": "python_version >= '3.9'",
            "version": "==0.7.0"
        },
        "pytest-xdist": {
            "hashes": [
                "sha256:202ca578cfeb7370784a8c33d6d05bc6e13b4f25b5053c30a152269fd10f0b88",
                "sha256:7e578125ec9bc6050861aa93f2d59f1d8d085595d6551c2c90b6f4fad8d3a9f1"
            ],
            "index": "pypi",
            "markers": "python_version >= '3.9'",
            "version": "==3.8.0"
        },
        "python-slugify": {
            "hashes": [
                "sha256:276540b79961052b66b7d116620b36518847f52d5fd9e3a70164fc8c50faa6b8",
                "sha256:59202371d1d05b54a9e7720c5e038f928f45daaffe41dd10822f3907b937c856"
            ],
            "markers": "python_version >= '3.7'",
            "version": "==8.0.4"
        },
        "pyyaml": {
            "hashes": [
                "sha256:01179a4a8559ab5de078078f37e5c1a30d76bb88519906844fd7bdea1b7729ff",
                "sha256:0833f8694549e586547b576dcfaba4a6b55b9e96098b36cdc7ebefe667dfed48",
                "sha256:0a9a2848a5b7feac301353437eb7d5957887edbf81d56e903999a75a3d743086",
                "sha256:0b69e4ce7a131fe56b7e4d770c67429700908fc0752af059838b1cfb41960e4e",
                "sha256:0ffe8360bab4910ef1b9e87fb812d8bc0a308b0d0eef8c8f44e0254ab3b07133",
                "sha256:11d8f3dd2b9c1207dcaf2ee0bbbfd5991f571186ec9cc78427ba5bd32afae4b5",
                "sha256:17e311b6c678207928d649faa7cb0d7b4c26a0ba73d41e99c4fff6b6c3276484",
                "sha256:1e2120ef853f59c7419231f3bf4e7021f1b936f6ebd222406c3b60212205d2ee",
                "sha256:1f71ea527786de97d1a0cc0eacd1defc0985dcf6b3f17bb77dcfc8c34bec4dc5",
                "sha256:23502f431948090f597378482b4812b0caae32c22213aecf3b55325e049a6c68",
                "sha256:24471b829b3bf607e04e88d79542a9d48bb037c2267d7927a874e6c205ca7e9a",
                "sha256:29717114e51c84ddfba879543fb232a6ed60086602313ca38cce623c1d62cfbf",
                "sha256:2e99c6826ffa974fe6e27cdb5ed0021786b03fc98e5ee3c5bfe1fd5015f42b99",
                "sha256:39693e1f8320ae4f43943590b49779ffb98acb81f788220ea932a6b6c51004d8",
                "sha256:3ad2a3decf9aaba3d29c8f537ac4b243e36bef957511b4766cb0057d32b0be85",
                "sha256:3b1fdb9dc17f5a7677423d508ab4f243a726dea51fa5e70992e59a7411c89d19",
                "sha256:41e4e3953a79407c794916fa277a82531dd93aad34e29c2a514c2c0c5fe971cc",
                "sha256:43fa96a3ca0d6b1812e01ced1044a003533c47f6ee8aca31724f78e93ccc089a",
                "sha256:50187695423ffe49e2deacb8cd10510bc361faac997de9efef88badc3bb9e2d1",
                "sha256:5ac9328ec4831237bec75defaf839f7d4564be1e6b25ac710bd1a96321cc8317",
                "sha256:5d225db5a45f21e78dd9358e58a98702a0302f2659a3c6cd320564b75b86f47c",
                "sha256:6395c297d42274772abc367baaa79683958044e5d3835486c16da75d2a694631",
                "sha256:688ba32a1cffef67fd2e9398a2efebaea461578b0923624778664cc1c914db5d",
                "sha256:68ccc6023a3400877818152ad9a1033e3db8625d899c72eacb5a668902e4d652",
                "sha256:70b189594dbe54f75ab3a1acec5f1e3faa7e8cf2f1e08d9b561cb41b845f69d5",
                "sha256:797b4f722ffa07cc8d62053e4cff1486fa6dc094105d13fea7b1de7d8bf71c9e",
                "sha256:7c36280e6fb8385e520936c3cb3b8042851904eba0e58d277dca80a5cfed590b",
                "sha256:7e7401d0de89a9a855c839bc697c079a4af81cf878373abd7dc625847d25cbd8",
                "sha256:80bab7bfc629882493af4aa31a4cfa43a4c57c83813253626916b8c7ada83476",
                "sha256:82d09873e40955485746739bcb8b4586983670466c23382c19cffecbf1fd8706",
                "sha256:8388ee1976c416731879ac16da0aff3f63b286ffdd57cdeb95f3f2e085687563",
                "sha256:8824b5a04a04a047e72eea5cec3bc266db09e35de6bdfe34c9436ac5ee27d237",
                "sha256:8b9c7197f7cb2738065c481a0461e50ad02f18c78cd75775628afb4d7137fb3b",
                "sha256:9056c1ecd25795207ad294bcf39f2db3d845767be0ea6e6a34d856f006006083",
                "sha256:936d68689298c36b53b29f23c6dbb74de12b4ac12ca6cfe0e047bedceea56180",
                "sha256:9b22676e8097e9e22e36d6b7bda33190d0d400f345f23d4065d48f4ca7ae0425",
                "sha256:a4d3091415f010369ae4ed1fc6b79def9416358877534caf6a0fdd2146c87a3e",
                "sha256:a8786accb172bd8afb8be14490a16625cbc387036876ab6ba70912730faf8e1f",
                "sha256:a9f8c2e67970f13b16084e04f134610fd1d374bf477b17ec1599185cf611d725",
                "sha256:bc2fa7c6b47d6bc618dd7fb02ef6fdedb1090ec036abab80d4681424b84c1183",
                "sha256:c70c95198c015b85feafc136515252a261a84561b7b1d51e3384e0655ddf25ab",
                "sha256:cc1c1159b3d456576af7a3e4d1ba7e6924cb39de8f67111c735f6fc832082774",
                "sha256:ce826d6ef20b1bc864f0a68340c8b3287705cae2f8b4b1d932177dcc76721725",
                "sha256:d584d9ec91ad65861cc08d42e834324ef890a082e591037abe114850ff7bbc3e",
                "sha256:d7fded462629cfa4b685c5416b949ebad6cec74af5e2d42905d41e257e0869f5",
                "sha256:d84a1718ee396f54f3a086ea0a66d8e552b2ab2017ef8b420e92edbc841c352d",
                "sha256:d8e03406cac8513435335dbab54c0d385e4a49e4945d2909a581c83647ca0290",
                "sha256:e10ce637b18caea04431ce14fabcf5c64a1c61ec9c56b071a4b7ca131ca52d44",
                "sha256:ec031d5d2feb36d1d1a24380e4db6d43695f3748343d99434e6f5f9156aaa2ed",
                "sha256:ef6107725bd54b262d6dedcc2af448a266975032bc85ef0172c5f059da6325b4",
                "sha256:efdca5630322a10774e8e98e1af481aad470dd62c3170801852d752aa7a783ba",
                "sha256:f753120cb8181e736c57ef7636e83f31b9c0d1722c516f7e86cf15b7aa57ff12",
                "sha256:ff3824dc5261f50c9b0dfb3be22b4567a6f938ccce4587b38952d85fd9e9afe4"
            ],
            "index": "pypi",
            "markers": "python_version >= '3.8'",
            "version": "==6.0.2"
        },
        "requests": {
            "hashes": [
                "sha256:27babd3cda2a6d50b30443204ee89830707d396671944c998b5975b031ac2b2c",
                "sha256:27d0316682c8a29834d3264820024b62a36942083d52caf2f14c0591336d3422"
            ],
            "index": "pypi",
            "markers": "python_version >= '3.8'",
            "version": "==2.32.4"
        },
        "robotframework": {
            "hashes": [
                "sha256:14ef2afa905285cc073df6ce06d0cd3af4a113df6f815532718079e00c98cca4",
                "sha256:3bb3e299831ecb1664f3d5082f6ff9f08ba82d61a745bef2227328ef3049e93a"
            ],
            "index": "pypi",
            "markers": "python_version >= '3.8'",
            "version": "==7.3.2"
        },
        "robotframework-pabot": {
            "hashes": [
                "sha256:7ff5036448457d9d92ccf7e724fdf71bea9607691e0381f141e19790402b8f2b",
                "sha256:cf6ad630356b5e0643d5578f985647ec678abde820d6f5182e1728c9d7879051"
            ],
            "index": "pypi",
            "markers": "python_version >= '3.6'",
            "version": "==4.3.2"
        },
        "robotframework-pythonlibcore": {
            "hashes": [
                "sha256:2d695b2ea906f5815179643e29182466675e682d82c5fa9d1009edfae2f84b16",
                "sha256:e0517129522aaa039eb2a28fd3d9720b7a0be0b90d0cbcb153a6c8016bb9e973"
            ],
            "index": "pypi",
            "markers": "python_version >= '3.8' and python_version < '4'",
            "version": "==4.4.1"
        },
        "robotframework-seleniumlibrary": {
            "hashes": [
                "sha256:3f3aaf7d683b3d619de0ce4849ff9ac33117dd8630f4d7528b4bf0a6d06d6616",
                "sha256:88f02ec8e8a3be8bf415386bb248bbe6ca547e99a05f35d7e7b4026f8297439f"
            ],
            "index": "pypi",
            "markers": "python_version < '3.14' and python_version >= '3.8'",
            "version": "==6.7.1"
        },
        "robotframework-stacktrace": {
            "hashes": [
                "sha256:018d7a55b99733e64e3cc0b134771b61a47de61de23609ed35c7bf0a53e9290e",
                "sha256:e96cb36e7e9ab55104c1f7d3606249a109e0a4c3bb6a0e294bff07d54ee6f6a5"
            ],
            "markers": "python_version >= '3.6'",
            "version": "==0.4.1"
        },
        "sa11y": {
            "hashes": [
                "sha256:7ffa3b41b57f1d69955bb14384e6f145853e2df3250b29818e8797e71925af69"
            ],
            "index": "pypi",
            "markers": "python_version >= '3'",
            "version": "==0.2.3"
        },
        "sauceclient": {
            "hashes": [
                "sha256:02ce53a41bf78c49f21413b0d64953784ff559fcb12ffd076a25eafd5bb6abe9",
                "sha256:3778289d3c26af473c2d8dfe54d71729c0e876a3ff404f91e8b6bb62ac43d9e7"
            ],
            "index": "pypi",
            "markers": "python_version >= '3.9'",
            "version": "==1.0.1"
        },
        "selenium": {
            "hashes": [
                "sha256:c117af6727859d50f622d6d0785b945c5db3e28a45ec12ad85cee2e7cc84fc4c",
                "sha256:ed47563f188130a6fd486b327ca7ba48c5b11fb900e07d6457befdde320e35fd"
            ],
            "index": "pypi",
            "markers": "python_version >= '3.10'",
            "version": "==4.38.0"
        },
        "six": {
            "hashes": [
                "sha256:4721f391ed90541fddacab5acf947aa0d3dc7d27b2e1e8eda2be8970586c3274",
                "sha256:ff70335d468e7eb6ec65b95b99d3a2836546063f63acc5171de367e834932a81"
            ],
            "index": "pypi",
            "markers": "python_version >= '2.7' and python_version not in '3.0, 3.1, 3.2'",
            "version": "==1.17.0"
        },
        "sniffio": {
            "hashes": [
                "sha256:2f6da418d1f1e0fddd844478f41680e794e6051915791a034ff65e5f100525a2",
                "sha256:f4324edc670a0f49750a81b895f35c3adb843cca46f0530f79fc1babb23789dc"
            ],
            "markers": "python_version >= '3.7'",
            "version": "==1.3.1"
        },
        "sortedcontainers": {
            "hashes": [
                "sha256:25caa5a06cc30b6b83d11423433f65d1f9d76c4c6a0c90e3379eaa43b9bfdb88",
                "sha256:a163dcaede0f1c021485e957a39245190e74249897e2ae4b2aa38595db237ee0"
            ],
            "version": "==2.4.0"
        },
        "text-unidecode": {
            "hashes": [
                "sha256:1311f10e8b895935241623731c2ba64f4c455287888b18189350b67134a822e8",
                "sha256:bad6603bb14d279193107714b288be206cac565dfa49aa5b105294dd5c4aab93"
            ],
            "version": "==1.3"
        },
        "toml": {
            "hashes": [
                "sha256:806143ae5bfb6a3c6e736a764057db0e6a0e05e338b5630894a5f779cabb4f9b",
                "sha256:b3bda1d108d5dd99f4a20d24d9c348e91c4db7ab1b749200bded2f839ccbe68f"
            ],
            "index": "pypi",
            "markers": "python_version >= '2.6' and python_version not in '3.0, 3.1, 3.2'",
            "version": "==0.10.2"
        },
        "trio": {
            "hashes": [
                "sha256:b5d14cd6293d79298b49c3485ffd9c07e3ce03a6da8c7dfbe0cb3dd7dc9a4774",
                "sha256:f71d551ccaa79d0cb73017a33ef3264fde8335728eb4c6391451fe5d253a9d5b"
            ],
            "markers": "python_version >= '3.9'",
            "version": "==0.31.0"
        },
        "trio-websocket": {
            "hashes": [
                "sha256:22c72c436f3d1e264d0910a3951934798dcc5b00ae56fc4ee079d46c7cf20fae",
                "sha256:df605665f1db533f4a386c94525870851096a223adcb97f72a07e8b4beba45b6"
            ],
            "markers": "python_version >= '3.8'",
            "version": "==0.12.2"
        },
        "typing-extensions": {
            "hashes": [
                "sha256:0cea48d173cc12fa28ecabc3b837ea3cf6f38c6d1136f85cbaaf598984861466",
                "sha256:f0fa19c6845758ab08074a0cfa8b7aecb71c999ca73d62883bc25cc018c4e548"
            ],
            "markers": "python_version >= '3.9'",
            "version": "==4.15.0"
        },
        "urllib3": {
            "extras": [
                "socks"
            ],
            "hashes": [
                "sha256:3fc47733c7e419d4bc3f6b3dc2b4f890bb743906a30d56ba4a5bfa4bbff92760",
                "sha256:e6b01673c0fa6a13e374b50871808eb3bf7046c4b125b216f6bf1cc604cff0dc"
            ],
            "index": "pypi",
            "markers": "python_version >= '3.9'",
            "version": "==2.5.0"
        },
        "websocket-client": {
            "hashes": [
                "sha256:9e813624b6eb619999a97dc7958469217c3176312b3a16a4bd1bc7e08a46ec98",
                "sha256:af248a825037ef591efbf6ed20cc5faa03d3b47b9e5a2230a529eeee1c1fc3ef"
            ],
            "markers": "python_version >= '3.9'",
            "version": "==1.9.0"
        },
        "wsproto": {
            "hashes": [
                "sha256:ad565f26ecb92588a3e43bc3d96164de84cd9902482b130d0ddbaa9664a85065",
                "sha256:b9acddd652b585d75b20477888c56642fdade28bdfd3579aa24a4d2c037dd736"
            ],
            "markers": "python_full_version >= '3.7.0'",
            "version": "==1.2.0"
        },
        "zipp": {
            "hashes": [
                "sha256:071652d6115ed432f5ce1d34c336c0adfd6a884660d1e9712a256d3d3bd4b14e",
                "sha256:a07157588a12518c9d4034df3fbbee09c814741a33ff63c05fa29d26a2404166"
            ],
            "index": "pypi",
            "markers": "python_version >= '3.9'",
            "version": "==3.23.0"
        }
    },
    "develop": {}
}
