{
    "_meta": {
        "hash": {
            "sha256": "41f876ff1bc69fcc202208f1ce7380e4b8315743208f39019137aa807d113f72"
        },
        "pipfile-spec": 6,
        "requires": {},
        "sources": [
            {
                "name": "pypi",
                "url": "https://pypi.org/simple",
                "verify_ssl": true
            }
        ]
    },
    "default": {
        "robotframework": {
            "hashes": [
                "sha256:1c934e7f43600de407860cd2bd2fdc41adad4a4a785d8b46b1ed485fdc0f6c9f",
                "sha256:6e80f84cdc997bdde2abb6b729ac3531457ecf6d2e41abfb87a541877ab367bf"
            ],
            "index": "pypi",
            "markers": "python_version >= '3.8'",
            "version": "==7.4.2"
        },
        "robotframework-pabot": {
            "hashes": [
                "sha256:497c3d72551c76eda21029df6a28c6b2ed227e63c4a8510e1c6a0690b9e2be91",
                "sha256:e7b95d031e9f04b77312b04a1fd835b9791f022b3436b63b507a720bfec05bb4"
            ],
            "index": "pypi",
            "markers": "python_version >= '3.6'",
            "version": "==5.2.2"
        }
    },
    "develop": {}
}
