{
    "_meta": {
        "hash": {
            "sha256": "8b08210dc97b9355c3b71f5b7e92cf0167e22f4d44715df15aa66db3effa6a35"
        },
        "pipfile-spec": 6,
        "requires": {},
        "sources": [
            {
                "name": "pypi",
                "url": "https://pypi.org/simple",
                "verify_ssl": true
            }
        ]
    },
    "default": {
        "certifi": {
            "hashes": [
                "sha256:62f22742b58a1a33014a2b6b706588a8d7e2a88ae7bd1a6ebe8c992928483775",
                "sha256:741e2c3b351ddf169a738da9f2c048608ff7f2c5cc02f1ebc6b118bb090d5d55"
            ],
            "markers": "python_version >= '3.7'",
            "version": "==2026.7.22"
        },
        "charset-normalizer": {
            "hashes": [
                "sha256:0327fcd59a935777d83410750c50600ee9571af2846f71ce40f25b13da1ef380",
                "sha256:03d07803992c6c7bbc976327f34b18b6160327fc81cb82c9d504720ac0be3b62",
                "sha256:04ce310cb89c15df659582aee80a0603788732a5e017d5bd5c81158106ce249c",
                "sha256:0d861473f743244d349b50f850d10eb87aeb22bbdcc8e64f79273c94af5a8226",
                "sha256:0e94703ec9684807f20cfb5eed95c70f67f2a8f21ad620146d7b5a13677b93e5",
                "sha256:0fa1aec2d32bcc03c8fa0f6f1712caad1adc38509f31142112e5c9daf5b9c833",
                "sha256:16b65ea0f2465b6fb52aa22de5eca612aa964ddfec00a912e26f4656cbef890b",
                "sha256:16d10d789dd9bcca1173c95af82c58433122564b7bc39385124be735a35cbe99",
                "sha256:19ac87f93086ce37b86e098888555c4b4bc48102279bae3350098c0ed664b501",
                "sha256:1d22856ffbe153a602df38e4a5464f0b748a54002e0d69ac6d2ad0a197cc99ec",
                "sha256:21e764fd1e70b6a3e205a0e46f3051701f98a8cb3fad66eeb80e48bb502f8698",
                "sha256:231ddcbb35e2ff8973e1365db41fe0572662893b99a05deb183b68ad4c0c8bd4",
                "sha256:253a4a220747e8b5faf57ec320c4f5efb0cef05f647420bf267143ec15dba10a",
                "sha256:280081916dc341820640489a66e4696049401ef1cf6dd672f672e70ad915aca3",
                "sha256:2a441ea71902098ffe78c5abe6c494f44160b4af614ed16c3d9a3b1d17fd8ee2",
                "sha256:304b13570067b2547562e308af560b3963857b1fa90bd6afd978130130fe2d6a",
                "sha256:32286a2c8d167e897177b673176c1e3e00d4057caf5d2b64eef9a3666b03018e",
                "sha256:33bdcc2a32c0a0e861f60841a512c8acc658c87c2ac59d89e3a46dacf7d866e4",
                "sha256:375b83ed0aecfce76c16d198fbc21f3b11b337d68662bea0a995046682a11419",
                "sha256:3c09a49d6cde137258beb3d551994a2927fd35ad5cf96aed573f61bbd67c5f84",
                "sha256:3d92613ec25e43b05f042302531ec0f00b8445190e43325880cbd6ab7c2581da",
                "sha256:40a126142a56b2dfc0aacbad1de8310cbf60da7656db0e6b16eebd48e3e93519",
                "sha256:416c229f77e5ea25b3dfd4b582f8d73d7e43c22320302b9ab128a2d3a0b38efe",
                "sha256:432786d3561e69aeeae6c7e8648964ce0ad05736120135601f87ac26b9c83381",
                "sha256:43b9e366a31fdd1c87d0eb08f579b4a82b723ea54338f040d6b4e518a026ea29",
                "sha256:440eede837960000d74978f0eba527be106b5b9aee0daf779d395276ed0b0614",
                "sha256:45b0cc4e3556cd875e09102988d1ab8356c998b596c9fced84547c8138b487a0",
                "sha256:476743fe6dfe14a2da12e3ac79125dc84a3b2cf8094369a47a1529b0cd8549fe",
                "sha256:4773092f8019072343a7447203308b176e10199920eb02d6195e81bbb3274c29",
                "sha256:4b3dac63058cc36820b0dd072f89898604e2d39686fe05321729d00d8ac185a0",
                "sha256:4d1c96a7a18b9690a4d46df09e3e3382406ae3213727cd1019ebade1c4a81917",
                "sha256:51307f5c71007673a2bf8232ad973483d281e74cb99c8c5a990af1eefa6277d9",
                "sha256:51447e9aa2684679af07ca5021c3db526e0284347ebf4ffcec1154c3350cfe32",
                "sha256:58150c9f9b9a552505912d182ccdf26f6396fb6094816ceebcbb20eecabaed94",
                "sha256:5b10cd92fc5c498b35a8635df6d5a100207f88b63a4dc1de7ef9a548e1e2cd63",
                "sha256:5e226f6218febc71f6c1fc2fafb91c226f75bdc1d8fb12d66823716e891608fd",
                "sha256:609b3ba8fcc0fb5ab7af00719d0fb6ad0cb518e48e7712d12fd68f1327951198",
                "sha256:60f44ade2cf573dad7a277e6f8ca9a51a21dda572b13bd7d8539bb3cd5dbedde",
                "sha256:611057cc5d5c0afc743ba8be6bd828c17e0aaa8643f9d0a9b9bb7dea80eb8012",
                "sha256:6366a16e1a25018694d6a5d784d09b046edc9eac40ea2b54065c3052672516a1",
                "sha256:65a7ff3f705e57d392f7261b6d0550fe137c3019477431f1c355e0db0a7d3e15",
                "sha256:673611bbd43f0810bec0b0f028ddeaaa501190339cac411f347ac76917c3ae7b",
                "sha256:67830fc78e67501f47bb950471b2dcb9b35b140084429318e862895a8e89c993",
                "sha256:68ce9f4d6b26d5ccbf7fd4459bf75f74a0a146677ebba80597df60cbdb20e6f4",
                "sha256:68e5f26a1ad57ded6d1cfb85331d1c1a195314756471d97758c48498bb4dcdf5",
                "sha256:69b157c5d3292bcd443faca052f3096f637f1e074b98212a933c074ae23dc3b8",
                "sha256:75286256590a6320cf106a0d28970d3560aad9ee09aa7b34fb40524792436d35",
                "sha256:78841cccf1af7b40f6f716338d50c0902dbe88d9f800b3c973b7a9a0a693a642",
                "sha256:78fa18e436a1a0e58dbd7e02fc4473f3f32cceb12df9dfca542d075961c307d2",
                "sha256:79580094b00d1789d1f93ea55bc43cb2f611910c72235b7657f3482ddcc1b22d",
                "sha256:7b86a2b16095d250c6f58b3d9b2eee6f4147754344f3dab0922f7c9bf7d226c9",
                "sha256:83aed2c10721ddd90f68140685391b50811a880af20654c59af6b6c66c40513c",
                "sha256:84fd18bcc17526fc2b3c1af7d2b9217d32c9c04448c16ec693b9b4f1985c3d33",
                "sha256:871ff67ea1aad4dfd91736464934d56b32dac49f9fbe16cddba36198a7b3a0db",
                "sha256:898f0e9068ca27d37f8e83a5b962821df851532e6c4a7d615c1c033f9da6eedf",
                "sha256:8a79d9f4d8001473a30c163556b3c3bfebec837495a412dde78b51672f6134f9",
                "sha256:8c041122946b7ba21bb32c45b1aa57b1be35527690aeb3c5c234521085632eee",
                "sha256:90c44bc373b7687f6948b693cceaea1348ae0975d7474746559494468e3c1d84",
                "sha256:9104ed0bd76a429d46f9ec0dbc9b08ad1d2dcdf2b00a5a0daa1c145329b35b44",
                "sha256:920079c3f7456fa213e0829ed2073aaa727fd39d889ead5b4f35d0de5460d04f",
                "sha256:93d59d504b230e83c7a843251681959a0b6a9cd76f6e146ce1b8a80eb8739af9",
                "sha256:9b2aff1c7b3884512b9512c3eaadd9bab39fb45042ffaaa1dd08ff2b9f8109d9",
                "sha256:9b8e0f3107e2200b76f6054de99016eac3ee6762713587b36baaa7e4bd2ae177",
                "sha256:9bb41182d93ea91f60b4bc8fbf4c820c69ef8a12ab2d917f3f1834f1acad07e8",
                "sha256:9cdef90ae47919cae358d8ab15797a800ed41da7aba5d72419fb510729e2ed4b",
                "sha256:a1786910334ed46ab1dd73222f2cd1e05c2c3bb39f6dddb4f8b36fc382058a39",
                "sha256:a4cfde78a9f2880208d16a93b795726a3017d5977e08d1e162a7a31322479c41",
                "sha256:a4fbdde9dd4a9ce5fd52c2b3a347bb50cc89483ef783f1cb00d408c13f7a96c0",
                "sha256:aa99adc8f081b475a12843953db36831eaf83ec33eb46a90629ca6a5de45a616",
                "sha256:ac351b3b8014eead140e77e9717e2992c6bbe30b63bc3422422eb84865412e3d",
                "sha256:ad41ba96094304aa090f5a30cb6e4fb3b3f1c264c523394b4c39bbacc4dc92ba",
                "sha256:b5314963fce9b0b12743891de876e724997864ee22aa496f903f426c7e2fa5b2",
                "sha256:bcf74c1df76758a395bf0af608c04c82257523f55c9868b334f06270d0f2112b",
                "sha256:bd47ba7fc3ca94896759ea0109775132d3e7ab921fbf54038e1bab2e46c313c9",
                "sha256:c0323c9daef75ef2e5083624b4585018a0c9d5e3b40f607eed81a311270b934b",
                "sha256:c1225416b463483160e4af85d5fc3a9690ccb53fd4b1865a6437825f5ede3209",
                "sha256:c1c948747b03be832dceed96ca815cef7360de9aa19d37c730f8e3f6101aca48",
                "sha256:c25fe15c70c59eb7c5ce8c06a1f3fa1da0ecc5ea1e7a5922c40fd2fa9b0d5046",
                "sha256:cc1b0fff8ead343dae06305f954eb8468ba0ec1a97881f42489d198e4ce3c632",
                "sha256:cd6280cf040f233bd7d3407b743b4b4c74f70e8e1c4199cb112a62c941c0772a",
                "sha256:cd6c3d4b783c556fa00bf540854e42f135e2f256abd29669fcd0da0f2dec79c2",
                "sha256:d4d6fcde76f94f5cb9e43e9e9a61f16dacefd228cbbf6f1a09bd9b219a92f1a1",
                "sha256:ddf4af30b417d9fe16481e9b81c27ab2a7cde1ff7ba3e85653b02db7d145dc7b",
                "sha256:df115d4d83168fdf2cae48ef1ff6d1cb4c466364e30861b37121de0f3bf1b990",
                "sha256:df7276909358e5635ae203673ab7e509ddd224225a8d6b0790bf13eb2bde1cc5",
                "sha256:e4fd89cc178bced6ad29cb3e6dd4aa63fa5017c3524dbd0b25998fb64a87cc8b",
                "sha256:e9701d0049d92c16703a42771b98d560b95248949f23f8cf7b4eddd201814fb9",
                "sha256:ee2f2a527e3c1a6e6411eb4209642e138b544a2d72fe5d0d76daf77b24063534",
                "sha256:f7fb7d750cfa0a070d2c24e831fd3481019a60dd317ea2b39acbcebc08b6ed81",
                "sha256:f840ed6d8ecba8255df8c42b87fadeda98ddfc6eeec05e2dc66e26d46dd6f58a",
                "sha256:f86c6358749bd4fda175388691e3ba8c46e24c5347d0afd20f9b7edfc9faf07d",
                "sha256:fa36ec09ef71d158186bc79e359ff5fdd6e7996fe8ab638f00d6b93139ba4fcf",
                "sha256:fe2c7201c642b7c308f1675355ad7ff7b66acfe3541625efe5a3ad38f29d6115"
            ],
            "markers": "python_version >= '3.7'",
            "version": "==3.4.9"
        },
        "execnet": {
            "hashes": [
                "sha256:63d83bfdd9a23e35b9c6a3261412324f964c2ec8dcd8d3c6916ee9373e0befcd",
                "sha256:67fba928dd5a544b783f6056f449e5e3931a5c378b128bc18501f7ea79e296ec"
            ],
            "markers": "python_version >= '3.8'",
            "version": "==2.1.2"
        },
        "greenlet": {
            "hashes": [
                "sha256:0232ae1de90a8e07867bb127d7a6ba2301e859145489f25cda8a6096dabe1d20",
                "sha256:07bd44616608d873d06735b63ef1a88191d6ca57c8d291d6559c71bc14c0893c",
                "sha256:08fc36de8442d5c3e95b044550dbea9bf144d31ec0cc58e36fb241cb6ef6a994",
                "sha256:0fa53040b78b578120eecdc0265e3f1051487cc425d11a2b7c761daadf4feaa8",
                "sha256:123aa379c962ed5fe90a880327e0c3066124ac64ec99e12a238be9fd8eb3db3d",
                "sha256:12cda9122e03341f1cb6b8207a19d7a9d375e52f1b4e9243918375f40fd7b4b9",
                "sha256:13b980043cb1b3134e81ea469da1250ddcc6bfe6d245bbaa59168d9cdc8f228f",
                "sha256:178111881dd7a6c946471fda85485ec796e1043c2b939f694b096e2ecf986809",
                "sha256:1833637f17d5e7472548a48575c394fe39f1b1890d676d162d86593610f44d8c",
                "sha256:188e4d142f243051d92a1f5c244a741da02dddc070a0620c842804d7b56d008c",
                "sha256:1e1a4a684b16c45ba324e60b32a4386a87722bcb815d2a149d2182f9b401ca72",
                "sha256:1f17e362d78e37559e0506c5a7d066bdd45073c36a0127a543e8a0df27242ff3",
                "sha256:24e61b88cb7e1b1d794b32a10cc346ac779681d6d74ff137a3e0a444d2bf1f02",
                "sha256:27d3f00718634d4520a3a150154ac5da36f257869d41321953375b90bfbbc72c",
                "sha256:2a924f15d17957e252a810acefcb5942f5ca712298e8b6fcaed9a307d357522c",
                "sha256:2cdaadc3d31445a8f782bde3cd37e49a2c2a9c6da6daf76a3e34c683b271a3c7",
                "sha256:2ffbc533e0eaf8e80d8471411646ab88fe58f641d508c0b02b24494479f4d9ec",
                "sha256:305f69e6c4523d7f6979ed001cff4e5853c063e5da04880296603aa0227e544c",
                "sha256:32802705c2c1ff25e8237b3bdacf2594fa02be80af8a66703eb7853ea7e68686",
                "sha256:3529a8a933582ad19e224792cac7372489526576b75b4c124e8e4f29948f4861",
                "sha256:39169a11d87a6a263afda3e9a27d1df16d0f919d40a4837cc73986c9884c0dd8",
                "sha256:394de08dad5ffcb1f50c2159d93e398d9d2da3ed437645eaa54771fa720db9f0",
                "sha256:3d66250e8b09f182ede05490998c818b5961f7a3640332d44c4927caec7bbfe4",
                "sha256:3ef964f56dfcb6f9bbef2a190d9126795eac408716aeae47b5e7c73c32aafca9",
                "sha256:41ddab54e4b238f4a6c323f39b4e59e176affd5a94d461a9fb7583dac74240a3",
                "sha256:42afdc1ab5f66da8c586c32af9224a74a706b4f0ea0dc3a4188a0860a09c65c9",
                "sha256:4ab9f0704bccf6d3b38e0d2130b7b33271cff11453690da074fa280c3aa8e8e7",
                "sha256:57aa201b351f7c7c75627c60d29e4d5b97a07d37efeb62b903466fca42c097d7",
                "sha256:58023945f421093de5e6fa108c0985a8659d43f49e0216da25099369a121bcbd",
                "sha256:60149df8f462d1b230038e6590c23c3b4768bb5d6c022b3b6e82532b34b0b8a3",
                "sha256:60e0bc961d367df506660e9ac0177a76bc6d81305300704b0977d1634f76efe2",
                "sha256:69173331fbc5d64bfac0065d7e22c39cfcd089e9b18d125bdcd5079363b09616",
                "sha256:70bdfacdc183dac838b2a0aaff2dd6134a457c52fe68a9c6bbab435483d2b9df",
                "sha256:73b37afe369021423ea53dd3123e04bffa7e93ac64429b9f50835b2e4fcae7cf",
                "sha256:77d6ce04fed0d9aeed42e0f37923cc43eba9b027bdd9c34546bb4ccd143d0fe0",
                "sha256:791fdfeeb9c6e0c7b10fa151bf110d2a6974866f13dcb5b1c7efae698245893a",
                "sha256:7c1303791d603080cac6fc3b34df51c3b75b723739c282c8029e48a0d241672f",
                "sha256:7e8afa5eac028f8140ceafe5ceec66e6aa127ddcb21452d2a564dcd2900b5f22",
                "sha256:870d730fec833f5a06906a32596cc099b9161594642a92a520b7a88911c95356",
                "sha256:89f3738167bab8c1084b94e23023d41d247117ac149fa0fbcb5bd4cf6262b353",
                "sha256:91c26423753b92caf41ab3f98fd547d7374d4d9fc2d85be041886c1579d9255e",
                "sha256:9667862a2e38ad379f11b845daeda22c8989186def44f06962c9c4c05e556da7",
                "sha256:99e8f8c4ebc4fd80aa26c1280ae9ad43a0976e786349703a181cf0bae60413e5",
                "sha256:9c53ff01a5c53a40f2c16820ebc56d7c61a77f5fbe009dadd96292d5682f80f8",
                "sha256:9f1467de1bb767f75db0aa34c195e3a496d8d1278c796e70c24ce205d3e99cde",
                "sha256:a2d614cb2372c7101a12ea8b96dd56f81c986d247c5a73db67063f3ed1ca4a52",
                "sha256:ac5bf81d79d2c8eeb2ef6359b2e1687a1e9ebf46c2b1f970da9a9255df51d190",
                "sha256:adf2244d7f69409925a8f22ed22cc5f93cdfe5c9dc87ff3476be2c2aaae61a05",
                "sha256:ae53534b5dec0f4c2ec26f898f538dc8ea1ca3ef2927d597a9439e40a09da937",
                "sha256:b3dabe3e2809013052c68bdf0b7fa5f5f2859c43a80803131ad61af9cabd7867",
                "sha256:b7a5f095767c4493afcd06067f2bb3b8716e3f3f9e92b99c88e7e99f885b3d4d",
                "sha256:b7c895310363f310361e0fe2072af85269d2a2a285cd04c0c59e79a5e3670dcf",
                "sha256:bae2728e1897aa8df8cb1af38cd48b3a743aefe29372de7b8b7a9f532501e69f",
                "sha256:bd3d1145f603b2db19feb9078c2e6855eb7c67e15580c010ed815cee519b86fd",
                "sha256:c38c902a0986eba1f6e7ba1ab39ad5195926abde90f3fe080e08212db62176da",
                "sha256:c3fe76c2cac86b4f7a1e92865ac0a54384deb05c92986287c1a7110d9bd53071",
                "sha256:c883d61f2282d72c767a14936641b3efcbde9d82f1080712aaea0b1d3126cb88",
                "sha256:c90e930c9c192e5b3ee9fb8bcd920ea3926155e2e3ded39fc697323addecee17",
                "sha256:ca5726c0b08ca35ae873557266a78b2c3f3b2b7d7401aa5ff886c2045dd0111c",
                "sha256:cbd60b5763c6543c1827e48faaf14ea9bfbad245f52b1a4d76a2a2d8884c6c66",
                "sha256:cd320d998cbaa032932830448e39abf3c6a12901295e386e8114db926e10cffb",
                "sha256:cef589bc65fae02d10bca2ac341191c5b33acc2967892ebf4fcbd10eabb7a74c",
                "sha256:d83ae0e32d14957ab7170785a20f582635c8474deab1bfbb552b17e769a6ce25",
                "sha256:d84d993f6e575c950d91a23c1345d18fe1a4310d447bf630849d7809196b52f0",
                "sha256:d92df08dd65fede97fc37aad36c2e9dcda3b31c467f8e0c2c096456cb818e927",
                "sha256:dc418cf4c873357964d6624445ed09472e50def990c65dd4e76fc3ba8cd9cef6",
                "sha256:dfc41ae893d9ceaf22c824f2153a88b30651b20e8758c2cd9ac143f23640563c",
                "sha256:e849e6e139b9671adeac505f72fc05f4af7fd1921faef40295e214fc3b361b59",
                "sha256:e883de250e299654b1f1680f72a1a9f9ba62c9bd1bce84099c90657349a8dfbb",
                "sha256:e9a5e3406e3ed8125ae1a3b37c12f3434e2b1f0fa053197c5557895b4fb09606",
                "sha256:ec5ff0d1878df6af3bf9b638a5a92a7d5693291de77c91bff10fa48519c604ef",
                "sha256:ecca4d80d55a01ad6b23b33262662956149fbb7b2c6be2910f1705921958cbf3",
                "sha256:ed17e5f3420360d5b459de8462efb52060399a5326a613d4cde31cef63ef95da",
                "sha256:ee032b91fd8ec29ec6c4cea2b8c561b178435134bd0752c7334b94e9c736c132",
                "sha256:f00f910f0e7b35416c63b23ad78b769aeccfc1775f712b43c4ee525624a2eef7",
                "sha256:f260930bbbbcf9caee661211235a5111c86dfe5832fdf6ae4570da1e0995320f",
                "sha256:f680e549edb3eaf21eea4e7fe101e15ec180c74b7879ab46adc080f22d4015d2",
                "sha256:f88193799d43dbf8c8a806d6405c9c52fe2af40bf75072a606357b33cc336c7f",
                "sha256:f908898d6fa484ce4b6f447ce70ea99b52c503fee419e53cf74d60a16bc9e667"
            ],
            "markers": "python_version >= '3.10'",
            "version": "==3.5.4"
        },
        "idna": {
            "hashes": [
                "sha256:7f952cbe720b688055e3f87de14f5c3e5fdaa8bc3928985c4077ca689de849a2",
                "sha256:ffb385a7e039654cef1ab9ef32c6fafe283c0c0467bba1d9029738ce4a14a848"
            ],
            "markers": "python_version >= '3.9'",
            "version": "==3.18"
        },
        "iniconfig": {
            "hashes": [
                "sha256:c76315c77db068650d49c5b56314774a7804df16fee4402c1f19d6d15d8c4730",
                "sha256:f631c04d2c48c52b84d0d0549c99ff3859c98df65b3101406327ecc7d53fbf12"
            ],
            "markers": "python_version >= '3.10'",
            "version": "==2.3.0"
        },
        "packaging": {
            "hashes": [
                "sha256:5fc45236b9446107ff2415ce77c807cee2862cb6fac22b8a73826d0693b0980e",
                "sha256:ff452ff5a3e828ce110190feff1178bb1f2ea2281fa2075aadb987c2fb221661"
            ],
            "markers": "python_version >= '3.8'",
            "version": "==26.2"
        },
        "playwright": {
            "hashes": [
                "sha256:009588c2a7e499bc5a8b425b61fa65490968bbda9cd69e0cf2cff10f8304659a",
                "sha256:35c6cc4589a5d00964a59d7b3e59641e0aac0c02f15479a7af77d20f6bc79597",
                "sha256:372d55a6f1248fa1dd47599686980cb8fb5bbe6fcda59eab793eb657c11d8a9b",
                "sha256:54f3b39f6eab832e33458c1dd7da0b5682aedab3b09ae731b5c59fa12fd2024e",
                "sha256:93454322ade8c11d5d6c211bfd91bdfb9ffb4810e3e026371bcbc4bec1b7ee4c",
                "sha256:9f7de4536088d12037c13a52b7ea34b59270b78926bb56935070597ffac6b1af",
                "sha256:e9fcbffcf557a8620fdedd92491eb59a32d18e23d6f3b4f6214b952be324fe51",
                "sha256:ff138c3a604f69911e9d42fd036e55c2a171e5616edf04c1e7f60a2a285540b0"
            ],
            "index": "pypi",
            "markers": "python_version >= '3.10'",
            "version": "==1.61.0"
        },
        "pluggy": {
            "hashes": [
                "sha256:7dcc130b76258d33b90f61b658791dede3486c3e6bfb003ee5c9bfb396dd22f3",
                "sha256:e920276dd6813095e9377c0bc5566d94c932c33b27a3e3945d8389c374dd4746"
            ],
            "markers": "python_version >= '3.9'",
            "version": "==1.6.0"
        },
        "pyee": {
            "hashes": [
                "sha256:0b931f7c14535667ed4c7e0d531716368715e860b988770fc7eb8578d1f67fc8",
                "sha256:af2f8fede4171ef667dfded53f96e2ed0d6e6bd7ee3bb46437f77e3b57689228"
            ],
            "markers": "python_version >= '3.8'",
            "version": "==13.0.1"
        },
        "pygments": {
            "hashes": [
                "sha256:6757cd03768053ff99f3039c1a36d6c0aa0b263438fcab17520b30a303a82b5f",
                "sha256:81a9e26dd42fd28a23a2d169d86d7ac03b46e2f8b59ed4698fb4785f946d0176"
            ],
            "markers": "python_version >= '3.9'",
            "version": "==2.20.0"
        },
        "pytest": {
            "hashes": [
                "sha256:1088fbde8f2b49d95a549a195707afa7a76a3ce9bcadc26b6d71f0ffda5fe313",
                "sha256:37a86b45efb9a47a61a36449063e8e18d0cab3161329fc099eb21783169c4f0c"
            ],
            "index": "pypi",
            "markers": "python_version >= '3.10'",
            "version": "==9.1.1"
        },
        "pytest-base-url": {
            "hashes": [
                "sha256:02748589a54f9e63fcbe62301d6b0496da0d10231b753e950c63e03aee745d45",
                "sha256:3ad15611778764d451927b2a53240c1a7a591b521ea44cebfe45849d2d2812e6"
            ],
            "markers": "python_version >= '3.8'",
            "version": "==2.1.0"
        },
        "pytest-playwright": {
            "hashes": [
                "sha256:7888d4a2443160c82e0c506c437076679f86b36d1910427250d90fbf1843a981",
                "sha256:856aae6efd4bc055f2ef229c647768760bcaad5cd3a5983c314ac260a974a933"
            ],
            "index": "pypi",
            "markers": "python_version >= '3.10'",
            "version": "==0.8.0"
        },
        "pytest-xdist": {
            "hashes": [
                "sha256:202ca578cfeb7370784a8c33d6d05bc6e13b4f25b5053c30a152269fd10f0b88",
                "sha256:7e578125ec9bc6050861aa93f2d59f1d8d085595d6551c2c90b6f4fad8d3a9f1"
            ],
            "index": "pypi",
            "markers": "python_version >= '3.9'",
            "version": "==3.8.0"
        },
        "python-slugify": {
            "hashes": [
                "sha256:276540b79961052b66b7d116620b36518847f52d5fd9e3a70164fc8c50faa6b8",
                "sha256:59202371d1d05b54a9e7720c5e038f928f45daaffe41dd10822f3907b937c856"
            ],
            "markers": "python_version >= '3.7'",
            "version": "==8.0.4"
        },
        "requests": {
            "hashes": [
                "sha256:2a0d60c172f83ac6ab31e4554906c0f3b3588d37b5cb939b1c061f4907e278e0",
                "sha256:f288924cae4e29463698d6d60bc6a4da69c89185ad1e0bcc4104f584e960b9ed"
            ],
            "index": "pypi",
            "markers": "python_version >= '3.10'",
            "version": "==2.34.2"
        },
        "text-unidecode": {
            "hashes": [
                "sha256:1311f10e8b895935241623731c2ba64f4c455287888b18189350b67134a822e8",
                "sha256:bad6603bb14d279193107714b288be206cac565dfa49aa5b105294dd5c4aab93"
            ],
            "version": "==1.3"
        },
        "typing-extensions": {
            "hashes": [
                "sha256:481caa481374e813c1b176ada14e97f1f67a4539ce9cfeb3f350d78d6370c2e8",
                "sha256:dc983d19a509c94dba722ee6abd33940f7c05a89e243c47e907eb4db6f1a43e5"
            ],
            "markers": "python_version >= '3.9'",
            "version": "==4.16.0"
        },
        "urllib3": {
            "hashes": [
                "sha256:231e0ec3b63ceb14667c67be60f2f2c40a518cb38b03af60abc813da26505f4c",
                "sha256:9fb4c81ebbb1ce9531cce37674bbc6f1360472bc18ca9a553ede278ef7276897"
            ],
            "markers": "python_version >= '3.10'",
            "version": "==2.7.0"
        }
    },
    "develop": {}
}
